
Microsoft Visual Studio Solution File, Format Version 12.00
# Visual Studio 15
VisualStudioVersion = 15.0.27130.2024
MinimumVisualStudioVersion = 10.0.40219.1
Project("{FAE04EC0-301F-11D3-BF4B-00C04F79EFBC}") = "01SingleInheritance", "01SingleInheritance\01SingleInheritance.csproj", "{C3F1FE63-597E-4433-A835-F065A3784597}"
EndProject
Project("{FAE04EC0-301F-11D3-BF4B-00C04F79EFBC}") = "04RandomList", "04RandomList\04RandomList.csproj", "{09CB7AF5-86A7-45E9-833C-C2D567FB2759}"
EndProject
Project("{FAE04EC0-301F-11D3-BF4B-00C04F79EFBC}") = "05StackofStrings", "05StackofStrings\05StackofStrings.csproj", "{D4FEE455-B6A0-4CFC-BDBB-38568571CEDE}"
EndProject
Global
	GlobalSection(SolutionConfigurationPlatforms) = preSolution
		Debug|Any CPU = Debug|Any CPU
		Release|Any CPU = Release|Any CPU
	EndGlobalSection
	GlobalSection(ProjectConfigurationPlatforms) = postSolution
		{C3F1FE63-597E-4433-A835-F065A3784597}.Debug|Any CPU.ActiveCfg = Debug|Any CPU
		{C3F1FE63-597E-4433-A835-F065A3784597}.Debug|Any CPU.Build.0 = Debug|Any CPU
		{C3F1FE63-597E-4433-A835-F065A3784597}.Release|Any CPU.ActiveCfg = Release|Any CPU
		{C3F1FE63-597E-4433-A835-F065A3784597}.Release|Any CPU.Build.0 = Release|Any CPU
		{09CB7AF5-86A7-45E9-833C-C2D567FB2759}.Debug|Any CPU.ActiveCfg = Debug|Any CPU
		{09CB7AF5-86A7-45E9-833C-C2D567FB2759}.Debug|Any CPU.Build.0 = Debug|Any CPU
		{09CB7AF5-86A7-45E9-833C-C2D567FB2759}.Release|Any CPU.ActiveCfg = Release|Any CPU
		{09CB7AF5-86A7-45E9-833C-C2D567FB2759}.Release|Any CPU.Build.0 = Release|Any CPU
		{D4FEE455-B6A0-4CFC-BDBB-38568571CEDE}.Debug|Any CPU.ActiveCfg = Debug|Any CPU
		{D4FEE455-B6A0-4CFC-BDBB-38568571CEDE}.Debug|Any CPU.Build.0 = Debug|Any CPU
		{D4FEE455-B6A0-4CFC-BDBB-38568571CEDE}.Release|Any CPU.ActiveCfg = Release|Any CPU
		{D4FEE455-B6A0-4CFC-BDBB-38568571CEDE}.Release|Any CPU.Build.0 = Release|Any CPU
	EndGlobalSection
	GlobalSection(SolutionProperties) = preSolution
		HideSolutionNode = FALSE
	EndGlobalSection
	GlobalSection(ExtensibilityGlobals) = postSolution
		SolutionGuid = {1DCFDC7A-B50E-457E-B9AD-2E0E7A084AC8}
	EndGlobalSection
EndGlobal
