
Microsoft Visual Studio Solution File, Format Version 12.00
# Visual Studio 15
VisualStudioVersion = 15.0.27004.2005
MinimumVisualStudioVersion = 10.0.40219.1
Project("{9A19103F-16F7-4668-BE54-9A1E7A4F7556}") = "P02_BlackBoxInteger", "P02_BlackBoxInteger\P02_BlackBoxInteger.csproj", "{F35E35B3-ACAA-486B-9383-9AA11F4213C2}"
EndProject
Global
	GlobalSection(SolutionConfigurationPlatforms) = preSolution
		Debug|Any CPU = Debug|Any CPU
		Release|Any CPU = Release|Any CPU
	EndGlobalSection
	GlobalSection(ProjectConfigurationPlatforms) = postSolution
		{F35E35B3-ACAA-486B-9383-9AA11F4213C2}.Debug|Any CPU.ActiveCfg = Debug|Any CPU
		{F35E35B3-ACAA-486B-9383-9AA11F4213C2}.Debug|Any CPU.Build.0 = Debug|Any CPU
		{F35E35B3-ACAA-486B-9383-9AA11F4213C2}.Release|Any CPU.ActiveCfg = Release|Any CPU
		{F35E35B3-ACAA-486B-9383-9AA11F4213C2}.Release|Any CPU.Build.0 = Release|Any CPU
	EndGlobalSection
	GlobalSection(SolutionProperties) = preSolution
		HideSolutionNode = FALSE
	EndGlobalSection
	GlobalSection(ExtensibilityGlobals) = postSolution
		SolutionGuid = {628E0552-3BCD-46E0-AA58-2205D00BA7FB}
	EndGlobalSection
EndGlobal
