
Microsoft Visual Studio Solution File, Format Version 12.00
# Visual Studio 15
VisualStudioVersion = 15.0.28010.2026
MinimumVisualStudioVersion = 10.0.40219.1
Project("{FAE04EC0-301F-11D3-BF4B-00C04F79EFBC}") = "01SortTimes", "01SortTimes\01SortTimes.csproj", "{9809B7E2-F874-416F-B2B7-0798D8B77722}"
EndProject
Project("{FAE04EC0-301F-11D3-BF4B-00C04F79EFBC}") = "02OddFilter", "02OddFilter\02OddFilter.csproj", "{49AFE5BD-D03F-4AD5-BDC5-66DB0B51FAB1}"
EndProject
Project("{FAE04EC0-301F-11D3-BF4B-00C04F79EFBC}") = "03ImmuneSystem", "03ImmuneSystem\03ImmuneSystem.csproj", "{6485E2B2-1F82-4C8B-B54E-D4E114507B50}"
EndProject
Project("{FAE04EC0-301F-11D3-BF4B-00C04F79EFBC}") = "04SupermarketDatabase", "04SupermarketDatabase\04SupermarketDatabase.csproj", "{DB44E3D8-0158-4404-A0B8-7FC1AFE2E0FB}"
EndProject
Project("{FAE04EC0-301F-11D3-BF4B-00C04F79EFBC}") = "05ParkingValidation", "05ParkingValidation\05ParkingValidation.csproj", "{FE34503B-F3E8-437E-AC0B-8E28AF6EA142}"
EndProject
Project("{FAE04EC0-301F-11D3-BF4B-00C04F79EFBC}") = "06ByteFlip", "06ByteFlip\06ByteFlip.csproj", "{523CC336-F47F-437C-B433-186D89F2EBBB}"
EndProject
Project("{FAE04EC0-301F-11D3-BF4B-00C04F79EFBC}") = "07TakeSkipRope", "07TakeSkipRope\07TakeSkipRope.csproj", "{89596C3A-550B-43BE-96F9-07DC4CB13A53}"
EndProject
Global
	GlobalSection(SolutionConfigurationPlatforms) = preSolution
		Debug|Any CPU = Debug|Any CPU
		Release|Any CPU = Release|Any CPU
	EndGlobalSection
	GlobalSection(ProjectConfigurationPlatforms) = postSolution
		{9809B7E2-F874-416F-B2B7-0798D8B77722}.Debug|Any CPU.ActiveCfg = Debug|Any CPU
		{9809B7E2-F874-416F-B2B7-0798D8B77722}.Debug|Any CPU.Build.0 = Debug|Any CPU
		{9809B7E2-F874-416F-B2B7-0798D8B77722}.Release|Any CPU.ActiveCfg = Release|Any CPU
		{9809B7E2-F874-416F-B2B7-0798D8B77722}.Release|Any CPU.Build.0 = Release|Any CPU
		{49AFE5BD-D03F-4AD5-BDC5-66DB0B51FAB1}.Debug|Any CPU.ActiveCfg = Debug|Any CPU
		{49AFE5BD-D03F-4AD5-BDC5-66DB0B51FAB1}.Debug|Any CPU.Build.0 = Debug|Any CPU
		{49AFE5BD-D03F-4AD5-BDC5-66DB0B51FAB1}.Release|Any CPU.ActiveCfg = Release|Any CPU
		{49AFE5BD-D03F-4AD5-BDC5-66DB0B51FAB1}.Release|Any CPU.Build.0 = Release|Any CPU
		{6485E2B2-1F82-4C8B-B54E-D4E114507B50}.Debug|Any CPU.ActiveCfg = Debug|Any CPU
		{6485E2B2-1F82-4C8B-B54E-D4E114507B50}.Debug|Any CPU.Build.0 = Debug|Any CPU
		{6485E2B2-1F82-4C8B-B54E-D4E114507B50}.Release|Any CPU.ActiveCfg = Release|Any CPU
		{6485E2B2-1F82-4C8B-B54E-D4E114507B50}.Release|Any CPU.Build.0 = Release|Any CPU
		{DB44E3D8-0158-4404-A0B8-7FC1AFE2E0FB}.Debug|Any CPU.ActiveCfg = Debug|Any CPU
		{DB44E3D8-0158-4404-A0B8-7FC1AFE2E0FB}.Debug|Any CPU.Build.0 = Debug|Any CPU
		{DB44E3D8-0158-4404-A0B8-7FC1AFE2E0FB}.Release|Any CPU.ActiveCfg = Release|Any CPU
		{DB44E3D8-0158-4404-A0B8-7FC1AFE2E0FB}.Release|Any CPU.Build.0 = Release|Any CPU
		{FE34503B-F3E8-437E-AC0B-8E28AF6EA142}.Debug|Any CPU.ActiveCfg = Debug|Any CPU
		{FE34503B-F3E8-437E-AC0B-8E28AF6EA142}.Debug|Any CPU.Build.0 = Debug|Any CPU
		{FE34503B-F3E8-437E-AC0B-8E28AF6EA142}.Release|Any CPU.ActiveCfg = Release|Any CPU
		{FE34503B-F3E8-437E-AC0B-8E28AF6EA142}.Release|Any CPU.Build.0 = Release|Any CPU
		{523CC336-F47F-437C-B433-186D89F2EBBB}.Debug|Any CPU.ActiveCfg = Debug|Any CPU
		{523CC336-F47F-437C-B433-186D89F2EBBB}.Debug|Any CPU.Build.0 = Debug|Any CPU
		{523CC336-F47F-437C-B433-186D89F2EBBB}.Release|Any CPU.ActiveCfg = Release|Any CPU
		{523CC336-F47F-437C-B433-186D89F2EBBB}.Release|Any CPU.Build.0 = Release|Any CPU
		{89596C3A-550B-43BE-96F9-07DC4CB13A53}.Debug|Any CPU.ActiveCfg = Debug|Any CPU
		{89596C3A-550B-43BE-96F9-07DC4CB13A53}.Debug|Any CPU.Build.0 = Debug|Any CPU
		{89596C3A-550B-43BE-96F9-07DC4CB13A53}.Release|Any CPU.ActiveCfg = Release|Any CPU
		{89596C3A-550B-43BE-96F9-07DC4CB13A53}.Release|Any CPU.Build.0 = Release|Any CPU
	EndGlobalSection
	GlobalSection(SolutionProperties) = preSolution
		HideSolutionNode = FALSE
	EndGlobalSection
	GlobalSection(ExtensibilityGlobals) = postSolution
		SolutionGuid = {B0DBCDE7-A7E0-450E-A55A-BED1A31C9DE5}
	EndGlobalSection
EndGlobal
