
Microsoft Visual Studio Solution File, Format Version 12.00
# Visual Studio 15
VisualStudioVersion = 15.0.28010.2026
MinimumVisualStudioVersion = 10.0.40219.1
Project("{FAE04EC0-301F-11D3-BF4B-00C04F79EFBC}") = "01Greeting", "01Greeting\01Greeting.csproj", "{079DBC97-6494-4A4A-80D8-6F8142CABF23}"
EndProject
Project("{FAE04EC0-301F-11D3-BF4B-00C04F79EFBC}") = "02AddTwoNumbers", "02AddTwoNumbers\02AddTwoNumbers.csproj", "{A6AD0ADD-95BB-4229-86AE-3E3FC6D546ED}"
EndProject
Project("{FAE04EC0-301F-11D3-BF4B-00C04F79EFBC}") = "03EmployeeData", "03EmployeeData\03EmployeeData.csproj", "{33A8E3FE-C72F-42A2-8930-C7A67A20450F}"
EndProject
Global
	GlobalSection(SolutionConfigurationPlatforms) = preSolution
		Debug|Any CPU = Debug|Any CPU
		Release|Any CPU = Release|Any CPU
	EndGlobalSection
	GlobalSection(ProjectConfigurationPlatforms) = postSolution
		{079DBC97-6494-4A4A-80D8-6F8142CABF23}.Debug|Any CPU.ActiveCfg = Debug|Any CPU
		{079DBC97-6494-4A4A-80D8-6F8142CABF23}.Debug|Any CPU.Build.0 = Debug|Any CPU
		{079DBC97-6494-4A4A-80D8-6F8142CABF23}.Release|Any CPU.ActiveCfg = Release|Any CPU
		{079DBC97-6494-4A4A-80D8-6F8142CABF23}.Release|Any CPU.Build.0 = Release|Any CPU
		{A6AD0ADD-95BB-4229-86AE-3E3FC6D546ED}.Debug|Any CPU.ActiveCfg = Debug|Any CPU
		{A6AD0ADD-95BB-4229-86AE-3E3FC6D546ED}.Debug|Any CPU.Build.0 = Debug|Any CPU
		{A6AD0ADD-95BB-4229-86AE-3E3FC6D546ED}.Release|Any CPU.ActiveCfg = Release|Any CPU
		{A6AD0ADD-95BB-4229-86AE-3E3FC6D546ED}.Release|Any CPU.Build.0 = Release|Any CPU
		{33A8E3FE-C72F-42A2-8930-C7A67A20450F}.Debug|Any CPU.ActiveCfg = Debug|Any CPU
		{33A8E3FE-C72F-42A2-8930-C7A67A20450F}.Debug|Any CPU.Build.0 = Debug|Any CPU
		{33A8E3FE-C72F-42A2-8930-C7A67A20450F}.Release|Any CPU.ActiveCfg = Release|Any CPU
		{33A8E3FE-C72F-42A2-8930-C7A67A20450F}.Release|Any CPU.Build.0 = Release|Any CPU
	EndGlobalSection
	GlobalSection(SolutionProperties) = preSolution
		HideSolutionNode = FALSE
	EndGlobalSection
	GlobalSection(ExtensibilityGlobals) = postSolution
		SolutionGuid = {F903D359-4CA1-4164-BBA0-3548C5A1E071}
	EndGlobalSection
EndGlobal
