
Microsoft Visual Studio Solution File, Format Version 12.00
# Visual Studio 15
VisualStudioVersion = 15.0.27130.2024
MinimumVisualStudioVersion = 10.0.40219.1
Project("{9A19103F-16F7-4668-BE54-9A1E7A4F7556}") = "TrafficLights", "TrafficLights\TrafficLights.csproj", "{8FD00A77-9A6C-4D99-95DB-6D1769A3361F}"
EndProject
Project("{9A19103F-16F7-4668-BE54-9A1E7A4F7556}") = "InfernoInfini", "InfernoInfini\InfernoInfini.csproj", "{713CFFCD-89F1-44EA-8BC8-975A909D4C3F}"
EndProject
Project("{FAE04EC0-301F-11D3-BF4B-00C04F79EFBC}") = "08CreateCCA", "08CreateCCA\08CreateCCA.csproj", "{0AE7C26E-AF97-4933-9671-1892D95A9915}"
EndProject
Global
	GlobalSection(SolutionConfigurationPlatforms) = preSolution
		Debug|Any CPU = Debug|Any CPU
		Release|Any CPU = Release|Any CPU
	EndGlobalSection
	GlobalSection(ProjectConfigurationPlatforms) = postSolution
		{8FD00A77-9A6C-4D99-95DB-6D1769A3361F}.Debug|Any CPU.ActiveCfg = Debug|Any CPU
		{8FD00A77-9A6C-4D99-95DB-6D1769A3361F}.Debug|Any CPU.Build.0 = Debug|Any CPU
		{8FD00A77-9A6C-4D99-95DB-6D1769A3361F}.Release|Any CPU.ActiveCfg = Release|Any CPU
		{8FD00A77-9A6C-4D99-95DB-6D1769A3361F}.Release|Any CPU.Build.0 = Release|Any CPU
		{713CFFCD-89F1-44EA-8BC8-975A909D4C3F}.Debug|Any CPU.ActiveCfg = Debug|Any CPU
		{713CFFCD-89F1-44EA-8BC8-975A909D4C3F}.Debug|Any CPU.Build.0 = Debug|Any CPU
		{713CFFCD-89F1-44EA-8BC8-975A909D4C3F}.Release|Any CPU.ActiveCfg = Release|Any CPU
		{713CFFCD-89F1-44EA-8BC8-975A909D4C3F}.Release|Any CPU.Build.0 = Release|Any CPU
		{0AE7C26E-AF97-4933-9671-1892D95A9915}.Debug|Any CPU.ActiveCfg = Debug|Any CPU
		{0AE7C26E-AF97-4933-9671-1892D95A9915}.Debug|Any CPU.Build.0 = Debug|Any CPU
		{0AE7C26E-AF97-4933-9671-1892D95A9915}.Release|Any CPU.ActiveCfg = Release|Any CPU
		{0AE7C26E-AF97-4933-9671-1892D95A9915}.Release|Any CPU.Build.0 = Release|Any CPU
	EndGlobalSection
	GlobalSection(SolutionProperties) = preSolution
		HideSolutionNode = FALSE
	EndGlobalSection
	GlobalSection(ExtensibilityGlobals) = postSolution
		SolutionGuid = {B938F074-7D6B-4E3F-A549-639A8DAC13E6}
	EndGlobalSection
EndGlobal
