
Microsoft Visual Studio Solution File, Format Version 12.00
# Visual Studio 15
VisualStudioVersion = 15.0.28010.2026
MinimumVisualStudioVersion = 10.0.40219.1
Project("{9A19103F-16F7-4668-BE54-9A1E7A4F7556}") = "SIS.Http", "SIS.Http\SIS.Http.csproj", "{85457630-0795-46B9-BBE9-94167618E9AB}"
EndProject
Project("{9A19103F-16F7-4668-BE54-9A1E7A4F7556}") = "SIS.WebServer", "SIS.WebServer\SIS.WebServer.csproj", "{39670D37-1511-4B95-B521-0C2A0B46A2D5}"
EndProject
Project("{2150E333-8FDC-42A3-9474-1A3956D46DE8}") = "IRunesApp", "IRunesApp", "{B2B9659A-D92C-423A-B18C-7265A663B1DE}"
EndProject
Project("{9A19103F-16F7-4668-BE54-9A1E7A4F7556}") = "IRunes.Data", "IRunes.Data\IRunes.Data.csproj", "{F62DFF73-9F03-43FE-A59F-697FC7B28CF2}"
EndProject
Project("{9A19103F-16F7-4668-BE54-9A1E7A4F7556}") = "IRunes.Models", "IRunes.Models\IRunes.Models.csproj", "{8B618123-155F-4EF5-9AED-9C5537B5A47D}"
EndProject
Project("{9A19103F-16F7-4668-BE54-9A1E7A4F7556}") = "IRunes.App", "IRunes.App\IRunes.App.csproj", "{2AF9E077-6A8C-426F-BE1A-A317E3A8158F}"
EndProject
Project("{9A19103F-16F7-4668-BE54-9A1E7A4F7556}") = "SIS.Framework", "SIS.Framework\SIS.Framework.csproj", "{5AEE2E46-3E27-4AEC-83DB-E3891E072D22}"
EndProject
Project("{9A19103F-16F7-4668-BE54-9A1E7A4F7556}") = "Services", "Services\Services.csproj", "{B72C7CEA-D1DB-4310-B10A-E5B69F883D22}"
EndProject
Global
	GlobalSection(SolutionConfigurationPlatforms) = preSolution
		Debug|Any CPU = Debug|Any CPU
		Release|Any CPU = Release|Any CPU
	EndGlobalSection
	GlobalSection(ProjectConfigurationPlatforms) = postSolution
		{85457630-0795-46B9-BBE9-94167618E9AB}.Debug|Any CPU.ActiveCfg = Debug|Any CPU
		{85457630-0795-46B9-BBE9-94167618E9AB}.Debug|Any CPU.Build.0 = Debug|Any CPU
		{85457630-0795-46B9-BBE9-94167618E9AB}.Release|Any CPU.ActiveCfg = Release|Any CPU
		{85457630-0795-46B9-BBE9-94167618E9AB}.Release|Any CPU.Build.0 = Release|Any CPU
		{39670D37-1511-4B95-B521-0C2A0B46A2D5}.Debug|Any CPU.ActiveCfg = Debug|Any CPU
		{39670D37-1511-4B95-B521-0C2A0B46A2D5}.Debug|Any CPU.Build.0 = Debug|Any CPU
		{39670D37-1511-4B95-B521-0C2A0B46A2D5}.Release|Any CPU.ActiveCfg = Release|Any CPU
		{39670D37-1511-4B95-B521-0C2A0B46A2D5}.Release|Any CPU.Build.0 = Release|Any CPU
		{F62DFF73-9F03-43FE-A59F-697FC7B28CF2}.Debug|Any CPU.ActiveCfg = Debug|Any CPU
		{F62DFF73-9F03-43FE-A59F-697FC7B28CF2}.Debug|Any CPU.Build.0 = Debug|Any CPU
		{F62DFF73-9F03-43FE-A59F-697FC7B28CF2}.Release|Any CPU.ActiveCfg = Release|Any CPU
		{F62DFF73-9F03-43FE-A59F-697FC7B28CF2}.Release|Any CPU.Build.0 = Release|Any CPU
		{8B618123-155F-4EF5-9AED-9C5537B5A47D}.Debug|Any CPU.ActiveCfg = Debug|Any CPU
		{8B618123-155F-4EF5-9AED-9C5537B5A47D}.Debug|Any CPU.Build.0 = Debug|Any CPU
		{8B618123-155F-4EF5-9AED-9C5537B5A47D}.Release|Any CPU.ActiveCfg = Release|Any CPU
		{8B618123-155F-4EF5-9AED-9C5537B5A47D}.Release|Any CPU.Build.0 = Release|Any CPU
		{2AF9E077-6A8C-426F-BE1A-A317E3A8158F}.Debug|Any CPU.ActiveCfg = Debug|Any CPU
		{2AF9E077-6A8C-426F-BE1A-A317E3A8158F}.Debug|Any CPU.Build.0 = Debug|Any CPU
		{2AF9E077-6A8C-426F-BE1A-A317E3A8158F}.Release|Any CPU.ActiveCfg = Release|Any CPU
		{2AF9E077-6A8C-426F-BE1A-A317E3A8158F}.Release|Any CPU.Build.0 = Release|Any CPU
		{5AEE2E46-3E27-4AEC-83DB-E3891E072D22}.Debug|Any CPU.ActiveCfg = Debug|Any CPU
		{5AEE2E46-3E27-4AEC-83DB-E3891E072D22}.Debug|Any CPU.Build.0 = Debug|Any CPU
		{5AEE2E46-3E27-4AEC-83DB-E3891E072D22}.Release|Any CPU.ActiveCfg = Release|Any CPU
		{5AEE2E46-3E27-4AEC-83DB-E3891E072D22}.Release|Any CPU.Build.0 = Release|Any CPU
		{B72C7CEA-D1DB-4310-B10A-E5B69F883D22}.Debug|Any CPU.ActiveCfg = Debug|Any CPU
		{B72C7CEA-D1DB-4310-B10A-E5B69F883D22}.Debug|Any CPU.Build.0 = Debug|Any CPU
		{B72C7CEA-D1DB-4310-B10A-E5B69F883D22}.Release|Any CPU.ActiveCfg = Release|Any CPU
		{B72C7CEA-D1DB-4310-B10A-E5B69F883D22}.Release|Any CPU.Build.0 = Release|Any CPU
	EndGlobalSection
	GlobalSection(SolutionProperties) = preSolution
		HideSolutionNode = FALSE
	EndGlobalSection
	GlobalSection(NestedProjects) = preSolution
		{F62DFF73-9F03-43FE-A59F-697FC7B28CF2} = {B2B9659A-D92C-423A-B18C-7265A663B1DE}
		{8B618123-155F-4EF5-9AED-9C5537B5A47D} = {B2B9659A-D92C-423A-B18C-7265A663B1DE}
		{2AF9E077-6A8C-426F-BE1A-A317E3A8158F} = {B2B9659A-D92C-423A-B18C-7265A663B1DE}
	EndGlobalSection
	GlobalSection(ExtensibilityGlobals) = postSolution
		SolutionGuid = {58F082A1-461D-4C05-8BD0-E26AB68F0345}
	EndGlobalSection
EndGlobal
