
Microsoft Visual Studio Solution File, Format Version 12.00
# Visual Studio 15
VisualStudioVersion = 15.0.27703.2018
MinimumVisualStudioVersion = 10.0.40219.1
Project("{FAE04EC0-301F-11D3-BF4B-00C04F79EFBC}") = "P01_BillsPaymentSystem", "P01_BillsPaymentSystem\P01_BillsPaymentSystem.csproj", "{2D4DE30C-B03C-4C61-B5BE-E7126316E006}"
EndProject
Project("{FAE04EC0-301F-11D3-BF4B-00C04F79EFBC}") = "P01_BillsPaymentSystem.Data", "P01_BillsPaymentSystem.Data\P01_BillsPaymentSystem.Data.csproj", "{1D542E7B-6499-411A-B1BF-05E483E109DB}"
EndProject
Project("{FAE04EC0-301F-11D3-BF4B-00C04F79EFBC}") = "P01_BillsPaymentSystem.Data.Models", "P01_BillsPaymentSystem.Data.Models\P01_BillsPaymentSystem.Data.Models.csproj", "{F25111A4-C649-4DBA-A1B3-9F4AF99C03C2}"
EndProject
Global
	GlobalSection(SolutionConfigurationPlatforms) = preSolution
		Debug|Any CPU = Debug|Any CPU
		Release|Any CPU = Release|Any CPU
	EndGlobalSection
	GlobalSection(ProjectConfigurationPlatforms) = postSolution
		{2D4DE30C-B03C-4C61-B5BE-E7126316E006}.Debug|Any CPU.ActiveCfg = Debug|Any CPU
		{2D4DE30C-B03C-4C61-B5BE-E7126316E006}.Debug|Any CPU.Build.0 = Debug|Any CPU
		{2D4DE30C-B03C-4C61-B5BE-E7126316E006}.Release|Any CPU.ActiveCfg = Release|Any CPU
		{2D4DE30C-B03C-4C61-B5BE-E7126316E006}.Release|Any CPU.Build.0 = Release|Any CPU
		{1D542E7B-6499-411A-B1BF-05E483E109DB}.Debug|Any CPU.ActiveCfg = Debug|Any CPU
		{1D542E7B-6499-411A-B1BF-05E483E109DB}.Debug|Any CPU.Build.0 = Debug|Any CPU
		{1D542E7B-6499-411A-B1BF-05E483E109DB}.Release|Any CPU.ActiveCfg = Release|Any CPU
		{1D542E7B-6499-411A-B1BF-05E483E109DB}.Release|Any CPU.Build.0 = Release|Any CPU
		{F25111A4-C649-4DBA-A1B3-9F4AF99C03C2}.Debug|Any CPU.ActiveCfg = Debug|Any CPU
		{F25111A4-C649-4DBA-A1B3-9F4AF99C03C2}.Debug|Any CPU.Build.0 = Debug|Any CPU
		{F25111A4-C649-4DBA-A1B3-9F4AF99C03C2}.Release|Any CPU.ActiveCfg = Release|Any CPU
		{F25111A4-C649-4DBA-A1B3-9F4AF99C03C2}.Release|Any CPU.Build.0 = Release|Any CPU
	EndGlobalSection
	GlobalSection(SolutionProperties) = preSolution
		HideSolutionNode = FALSE
	EndGlobalSection
	GlobalSection(ExtensibilityGlobals) = postSolution
		SolutionGuid = {2D745341-B578-4B6E-A319-44C1DE6BCA25}
	EndGlobalSection
EndGlobal
