
Microsoft Visual Studio Solution File, Format Version 12.00
# Visual Studio 15
VisualStudioVersion = 15.0.27130.2024
MinimumVisualStudioVersion = 10.0.40219.1
Project("{9A19103F-16F7-4668-BE54-9A1E7A4F7556}") = "P03_BarraksWars", "P03_BarraksWars\P03_BarraksWars.csproj", "{A8F36EA4-828E-45DF-9410-B82C318C682A}"
EndProject
Global
	GlobalSection(SolutionConfigurationPlatforms) = preSolution
		Debug|Any CPU = Debug|Any CPU
		Release|Any CPU = Release|Any CPU
	EndGlobalSection
	GlobalSection(ProjectConfigurationPlatforms) = postSolution
		{A8F36EA4-828E-45DF-9410-B82C318C682A}.Debug|Any CPU.ActiveCfg = Debug|Any CPU
		{A8F36EA4-828E-45DF-9410-B82C318C682A}.Debug|Any CPU.Build.0 = Debug|Any CPU
		{A8F36EA4-828E-45DF-9410-B82C318C682A}.Release|Any CPU.ActiveCfg = Release|Any CPU
		{A8F36EA4-828E-45DF-9410-B82C318C682A}.Release|Any CPU.Build.0 = Release|Any CPU
	EndGlobalSection
	GlobalSection(SolutionProperties) = preSolution
		HideSolutionNode = FALSE
	EndGlobalSection
	GlobalSection(ExtensibilityGlobals) = postSolution
		SolutionGuid = {A653B3E6-FE98-4ABA-81E0-E71573E12A2D}
	EndGlobalSection
EndGlobal
