
Microsoft Visual Studio Solution File, Format Version 12.00
# Visual Studio 15
VisualStudioVersion = 15.0.28010.2026
MinimumVisualStudioVersion = 10.0.40219.1
Project("{FAE04EC0-301F-11D3-BF4B-00C04F79EFBC}") = "01Passed", "01Passed\01Passed.csproj", "{C36198C8-3678-4494-AE39-C2EBD77070D1}"
EndProject
Project("{FAE04EC0-301F-11D3-BF4B-00C04F79EFBC}") = "02PassedOrFailed", "02PassedOrFailed\02PassedOrFailed.csproj", "{3260B79F-750B-499E-88ED-C4E45498926F}"
EndProject
Project("{FAE04EC0-301F-11D3-BF4B-00C04F79EFBC}") = "03BackIn30Minutes", "03BackIn30Minutes\03BackIn30Minutes.csproj", "{41C80559-73EB-4913-88D5-D360EDA32913}"
EndProject
Project("{FAE04EC0-301F-11D3-BF4B-00C04F79EFBC}") = "04MonthPrinter", "04MonthPrinter\04MonthPrinter.csproj", "{4C545B99-711E-4BB1-BB33-115029D34902}"
EndProject
Project("{FAE04EC0-301F-11D3-BF4B-00C04F79EFBC}") = "05ForeignLanguages", "05ForeignLanguages\05ForeignLanguages.csproj", "{CB65D54E-CCFB-418F-8B0F-28082B694C79}"
EndProject
Project("{FAE04EC0-301F-11D3-BF4B-00C04F79EFBC}") = "06TheatrePromotion", "06TheatrePromotion\06TheatrePromotion.csproj", "{C05746DB-0CFA-497D-975F-AE23D8213EFA}"
EndProject
Project("{FAE04EC0-301F-11D3-BF4B-00C04F79EFBC}") = "07DivisibleBy3", "07DivisibleBy3\07DivisibleBy3.csproj", "{F6E0FC48-7F4B-46DE-ABF9-46663704C722}"
EndProject
Project("{FAE04EC0-301F-11D3-BF4B-00C04F79EFBC}") = "08SumOfOddNumbers", "08SumOfOddNumbers\08SumOfOddNumbers.csproj", "{9EE9633F-1E02-44A5-B2C6-FEBDE8465B04}"
EndProject
Project("{FAE04EC0-301F-11D3-BF4B-00C04F79EFBC}") = "09MultiplicationTable", "09MultiplicationTable\09MultiplicationTable.csproj", "{A2BB6F60-A274-4CB6-A982-47298676D1E6}"
EndProject
Project("{FAE04EC0-301F-11D3-BF4B-00C04F79EFBC}") = "10MultiplicationTable2.0", "10MultiplicationTable2.0\10MultiplicationTable2.0.csproj", "{537A1FD6-9114-415C-BA0B-B539C5255832}"
EndProject
Project("{FAE04EC0-301F-11D3-BF4B-00C04F79EFBC}") = "12NumberChecker", "12NumberChecker\12NumberChecker.csproj", "{5CB0ABC8-055F-4335-9048-27DC6ABF6583}"
EndProject
Project("{FAE04EC0-301F-11D3-BF4B-00C04F79EFBC}") = "11OddNumber", "11OddNumber\11OddNumber.csproj", "{DFA80416-9AB1-4E4C-9866-613F9617F6C8}"
EndProject
Global
	GlobalSection(SolutionConfigurationPlatforms) = preSolution
		Debug|Any CPU = Debug|Any CPU
		Release|Any CPU = Release|Any CPU
	EndGlobalSection
	GlobalSection(ProjectConfigurationPlatforms) = postSolution
		{C36198C8-3678-4494-AE39-C2EBD77070D1}.Debug|Any CPU.ActiveCfg = Debug|Any CPU
		{C36198C8-3678-4494-AE39-C2EBD77070D1}.Debug|Any CPU.Build.0 = Debug|Any CPU
		{C36198C8-3678-4494-AE39-C2EBD77070D1}.Release|Any CPU.ActiveCfg = Release|Any CPU
		{C36198C8-3678-4494-AE39-C2EBD77070D1}.Release|Any CPU.Build.0 = Release|Any CPU
		{3260B79F-750B-499E-88ED-C4E45498926F}.Debug|Any CPU.ActiveCfg = Debug|Any CPU
		{3260B79F-750B-499E-88ED-C4E45498926F}.Debug|Any CPU.Build.0 = Debug|Any CPU
		{3260B79F-750B-499E-88ED-C4E45498926F}.Release|Any CPU.ActiveCfg = Release|Any CPU
		{3260B79F-750B-499E-88ED-C4E45498926F}.Release|Any CPU.Build.0 = Release|Any CPU
		{41C80559-73EB-4913-88D5-D360EDA32913}.Debug|Any CPU.ActiveCfg = Debug|Any CPU
		{41C80559-73EB-4913-88D5-D360EDA32913}.Debug|Any CPU.Build.0 = Debug|Any CPU
		{41C80559-73EB-4913-88D5-D360EDA32913}.Release|Any CPU.ActiveCfg = Release|Any CPU
		{41C80559-73EB-4913-88D5-D360EDA32913}.Release|Any CPU.Build.0 = Release|Any CPU
		{4C545B99-711E-4BB1-BB33-115029D34902}.Debug|Any CPU.ActiveCfg = Debug|Any CPU
		{4C545B99-711E-4BB1-BB33-115029D34902}.Debug|Any CPU.Build.0 = Debug|Any CPU
		{4C545B99-711E-4BB1-BB33-115029D34902}.Release|Any CPU.ActiveCfg = Release|Any CPU
		{4C545B99-711E-4BB1-BB33-115029D34902}.Release|Any CPU.Build.0 = Release|Any CPU
		{CB65D54E-CCFB-418F-8B0F-28082B694C79}.Debug|Any CPU.ActiveCfg = Debug|Any CPU
		{CB65D54E-CCFB-418F-8B0F-28082B694C79}.Debug|Any CPU.Build.0 = Debug|Any CPU
		{CB65D54E-CCFB-418F-8B0F-28082B694C79}.Release|Any CPU.ActiveCfg = Release|Any CPU
		{CB65D54E-CCFB-418F-8B0F-28082B694C79}.Release|Any CPU.Build.0 = Release|Any CPU
		{C05746DB-0CFA-497D-975F-AE23D8213EFA}.Debug|Any CPU.ActiveCfg = Debug|Any CPU
		{C05746DB-0CFA-497D-975F-AE23D8213EFA}.Debug|Any CPU.Build.0 = Debug|Any CPU
		{C05746DB-0CFA-497D-975F-AE23D8213EFA}.Release|Any CPU.ActiveCfg = Release|Any CPU
		{C05746DB-0CFA-497D-975F-AE23D8213EFA}.Release|Any CPU.Build.0 = Release|Any CPU
		{F6E0FC48-7F4B-46DE-ABF9-46663704C722}.Debug|Any CPU.ActiveCfg = Debug|Any CPU
		{F6E0FC48-7F4B-46DE-ABF9-46663704C722}.Debug|Any CPU.Build.0 = Debug|Any CPU
		{F6E0FC48-7F4B-46DE-ABF9-46663704C722}.Release|Any CPU.ActiveCfg = Release|Any CPU
		{F6E0FC48-7F4B-46DE-ABF9-46663704C722}.Release|Any CPU.Build.0 = Release|Any CPU
		{9EE9633F-1E02-44A5-B2C6-FEBDE8465B04}.Debug|Any CPU.ActiveCfg = Debug|Any CPU
		{9EE9633F-1E02-44A5-B2C6-FEBDE8465B04}.Debug|Any CPU.Build.0 = Debug|Any CPU
		{9EE9633F-1E02-44A5-B2C6-FEBDE8465B04}.Release|Any CPU.ActiveCfg = Release|Any CPU
		{9EE9633F-1E02-44A5-B2C6-FEBDE8465B04}.Release|Any CPU.Build.0 = Release|Any CPU
		{A2BB6F60-A274-4CB6-A982-47298676D1E6}.Debug|Any CPU.ActiveCfg = Debug|Any CPU
		{A2BB6F60-A274-4CB6-A982-47298676D1E6}.Debug|Any CPU.Build.0 = Debug|Any CPU
		{A2BB6F60-A274-4CB6-A982-47298676D1E6}.Release|Any CPU.ActiveCfg = Release|Any CPU
		{A2BB6F60-A274-4CB6-A982-47298676D1E6}.Release|Any CPU.Build.0 = Release|Any CPU
		{537A1FD6-9114-415C-BA0B-B539C5255832}.Debug|Any CPU.ActiveCfg = Debug|Any CPU
		{537A1FD6-9114-415C-BA0B-B539C5255832}.Debug|Any CPU.Build.0 = Debug|Any CPU
		{537A1FD6-9114-415C-BA0B-B539C5255832}.Release|Any CPU.ActiveCfg = Release|Any CPU
		{537A1FD6-9114-415C-BA0B-B539C5255832}.Release|Any CPU.Build.0 = Release|Any CPU
		{5CB0ABC8-055F-4335-9048-27DC6ABF6583}.Debug|Any CPU.ActiveCfg = Debug|Any CPU
		{5CB0ABC8-055F-4335-9048-27DC6ABF6583}.Debug|Any CPU.Build.0 = Debug|Any CPU
		{5CB0ABC8-055F-4335-9048-27DC6ABF6583}.Release|Any CPU.ActiveCfg = Release|Any CPU
		{5CB0ABC8-055F-4335-9048-27DC6ABF6583}.Release|Any CPU.Build.0 = Release|Any CPU
		{DFA80416-9AB1-4E4C-9866-613F9617F6C8}.Debug|Any CPU.ActiveCfg = Debug|Any CPU
		{DFA80416-9AB1-4E4C-9866-613F9617F6C8}.Debug|Any CPU.Build.0 = Debug|Any CPU
		{DFA80416-9AB1-4E4C-9866-613F9617F6C8}.Release|Any CPU.ActiveCfg = Release|Any CPU
		{DFA80416-9AB1-4E4C-9866-613F9617F6C8}.Release|Any CPU.Build.0 = Release|Any CPU
	EndGlobalSection
	GlobalSection(SolutionProperties) = preSolution
		HideSolutionNode = FALSE
	EndGlobalSection
	GlobalSection(ExtensibilityGlobals) = postSolution
		SolutionGuid = {D200FF34-A6AA-4A46-9CE0-38B8440EFCFC}
	EndGlobalSection
EndGlobal
