
Microsoft Visual Studio Solution File, Format Version 12.00
# Visual Studio 15
VisualStudioVersion = 15.0.27703.2018
MinimumVisualStudioVersion = 10.0.40219.1
Project("{FAE04EC0-301F-11D3-BF4B-00C04F79EFBC}") = "Lab", "Lab\Lab.csproj", "{C212147A-E2DC-4B15-855A-459532AE4905}"
EndProject
Global
	GlobalSection(SolutionConfigurationPlatforms) = preSolution
		Debug|Any CPU = Debug|Any CPU
		Release|Any CPU = Release|Any CPU
	EndGlobalSection
	GlobalSection(ProjectConfigurationPlatforms) = postSolution
		{C212147A-E2DC-4B15-855A-459532AE4905}.Debug|Any CPU.ActiveCfg = Debug|Any CPU
		{C212147A-E2DC-4B15-855A-459532AE4905}.Debug|Any CPU.Build.0 = Debug|Any CPU
		{C212147A-E2DC-4B15-855A-459532AE4905}.Release|Any CPU.ActiveCfg = Release|Any CPU
		{C212147A-E2DC-4B15-855A-459532AE4905}.Release|Any CPU.Build.0 = Release|Any CPU
	EndGlobalSection
	GlobalSection(SolutionProperties) = preSolution
		HideSolutionNode = FALSE
	EndGlobalSection
	GlobalSection(ExtensibilityGlobals) = postSolution
		SolutionGuid = {27A927F1-E16E-4FA5-90AF-D3F9E9D7A0A3}
	EndGlobalSection
EndGlobal
