
Microsoft Visual Studio Solution File, Format Version 12.00
# Visual Studio 15
VisualStudioVersion = 15.0.27703.2018
MinimumVisualStudioVersion = 10.0.40219.1
Project("{9A19103F-16F7-4668-BE54-9A1E7A4F7556}") = "P02_DatabaseFirst", "02DBFirst\P02_DatabaseFirst.csproj", "{025F2D2C-0ADD-4C1D-B4C5-0A27496FBAEF}"
EndProject
Project("{9A19103F-16F7-4668-BE54-9A1E7A4F7556}") = "03EmployeesFI", "03EmployeesFI\03EmployeesFI.csproj", "{143271DD-3E56-4614-9568-F1B207D1C99C}"
EndProject
Project("{9A19103F-16F7-4668-BE54-9A1E7A4F7556}") = "04EmployeesWSO", "04EmployeesWSO\04EmployeesWSO.csproj", "{9978E5C4-03D3-485B-A4BA-6AD5B41ABA22}"
EndProject
Project("{9A19103F-16F7-4668-BE54-9A1E7A4F7556}") = "05EmployeesFRD", "05EmployeesFRD\05EmployeesFRD.csproj", "{5D94010A-8421-4BB2-83C2-5B97CCA49D3E}"
EndProject
Project("{9A19103F-16F7-4668-BE54-9A1E7A4F7556}") = "06AddingANAAUE", "06AddingANAAUE\06AddingANAAUE.csproj", "{D5D60500-6DBD-4C5A-ACC7-E08493133E15}"
EndProject
Project("{9A19103F-16F7-4668-BE54-9A1E7A4F7556}") = "07EmployeesAPr", "07EmployeesAPr\07EmployeesAPr.csproj", "{829811EA-2EE6-4267-8F7C-2D576F22ABC3}"
EndProject
Project("{9A19103F-16F7-4668-BE54-9A1E7A4F7556}") = "08AddressesByT", "08AddressesByT\08AddressesByT.csproj", "{0ECCB1D4-C3E7-40FA-8BA7-9159E332FA98}"
EndProject
Project("{9A19103F-16F7-4668-BE54-9A1E7A4F7556}") = "09Employee147", "09Employee147\09Employee147.csproj", "{C9E25125-B95D-4EFE-A5E7-55D3603002CE}"
EndProject
Project("{9A19103F-16F7-4668-BE54-9A1E7A4F7556}") = "10DepartmWMT5E", "10DepartmWMT5E\10DepartmWMT5E.csproj", "{9CB1843D-0D2B-4C7B-8D42-C7F8F692C100}"
EndProject
Project("{9A19103F-16F7-4668-BE54-9A1E7A4F7556}") = "11FindL10Proj", "11FindL10Proj\11FindL10Proj.csproj", "{2A923763-C1DA-4E1E-A0C6-F602B2BAA989}"
EndProject
Project("{9A19103F-16F7-4668-BE54-9A1E7A4F7556}") = "12IncreaseSals", "12IncreaseSals\12IncreaseSals.csproj", "{A2038E8C-4B67-4430-A631-93E25631BA45}"
EndProject
Project("{FAE04EC0-301F-11D3-BF4B-00C04F79EFBC}") = "13FindEbFNSWSa", "13FindEbFNSWSa\13FindEbFNSWSa.csproj", "{01840C0E-2319-41F2-BB49-559DCFA1D8AB}"
EndProject
Project("{FAE04EC0-301F-11D3-BF4B-00C04F79EFBC}") = "14DeletePrById", "14DeletePrById\14DeletePrById.csproj", "{F85E371E-E750-4EF3-B6C5-3ED0BFA40F27}"
EndProject
Project("{FAE04EC0-301F-11D3-BF4B-00C04F79EFBC}") = "15RemoveTowns", "15RemoveTowns\15RemoveTowns.csproj", "{9C3B71F6-4869-4219-932F-6AF82648B01E}"
EndProject
Global
	GlobalSection(SolutionConfigurationPlatforms) = preSolution
		Debug|Any CPU = Debug|Any CPU
		Release|Any CPU = Release|Any CPU
	EndGlobalSection
	GlobalSection(ProjectConfigurationPlatforms) = postSolution
		{025F2D2C-0ADD-4C1D-B4C5-0A27496FBAEF}.Debug|Any CPU.ActiveCfg = Debug|Any CPU
		{025F2D2C-0ADD-4C1D-B4C5-0A27496FBAEF}.Debug|Any CPU.Build.0 = Debug|Any CPU
		{025F2D2C-0ADD-4C1D-B4C5-0A27496FBAEF}.Release|Any CPU.ActiveCfg = Release|Any CPU
		{025F2D2C-0ADD-4C1D-B4C5-0A27496FBAEF}.Release|Any CPU.Build.0 = Release|Any CPU
		{143271DD-3E56-4614-9568-F1B207D1C99C}.Debug|Any CPU.ActiveCfg = Debug|Any CPU
		{143271DD-3E56-4614-9568-F1B207D1C99C}.Debug|Any CPU.Build.0 = Debug|Any CPU
		{143271DD-3E56-4614-9568-F1B207D1C99C}.Release|Any CPU.ActiveCfg = Release|Any CPU
		{143271DD-3E56-4614-9568-F1B207D1C99C}.Release|Any CPU.Build.0 = Release|Any CPU
		{9978E5C4-03D3-485B-A4BA-6AD5B41ABA22}.Debug|Any CPU.ActiveCfg = Debug|Any CPU
		{9978E5C4-03D3-485B-A4BA-6AD5B41ABA22}.Debug|Any CPU.Build.0 = Debug|Any CPU
		{9978E5C4-03D3-485B-A4BA-6AD5B41ABA22}.Release|Any CPU.ActiveCfg = Release|Any CPU
		{9978E5C4-03D3-485B-A4BA-6AD5B41ABA22}.Release|Any CPU.Build.0 = Release|Any CPU
		{5D94010A-8421-4BB2-83C2-5B97CCA49D3E}.Debug|Any CPU.ActiveCfg = Debug|Any CPU
		{5D94010A-8421-4BB2-83C2-5B97CCA49D3E}.Debug|Any CPU.Build.0 = Debug|Any CPU
		{5D94010A-8421-4BB2-83C2-5B97CCA49D3E}.Release|Any CPU.ActiveCfg = Release|Any CPU
		{5D94010A-8421-4BB2-83C2-5B97CCA49D3E}.Release|Any CPU.Build.0 = Release|Any CPU
		{D5D60500-6DBD-4C5A-ACC7-E08493133E15}.Debug|Any CPU.ActiveCfg = Debug|Any CPU
		{D5D60500-6DBD-4C5A-ACC7-E08493133E15}.Debug|Any CPU.Build.0 = Debug|Any CPU
		{D5D60500-6DBD-4C5A-ACC7-E08493133E15}.Release|Any CPU.ActiveCfg = Release|Any CPU
		{D5D60500-6DBD-4C5A-ACC7-E08493133E15}.Release|Any CPU.Build.0 = Release|Any CPU
		{829811EA-2EE6-4267-8F7C-2D576F22ABC3}.Debug|Any CPU.ActiveCfg = Debug|Any CPU
		{829811EA-2EE6-4267-8F7C-2D576F22ABC3}.Debug|Any CPU.Build.0 = Debug|Any CPU
		{829811EA-2EE6-4267-8F7C-2D576F22ABC3}.Release|Any CPU.ActiveCfg = Release|Any CPU
		{829811EA-2EE6-4267-8F7C-2D576F22ABC3}.Release|Any CPU.Build.0 = Release|Any CPU
		{0ECCB1D4-C3E7-40FA-8BA7-9159E332FA98}.Debug|Any CPU.ActiveCfg = Debug|Any CPU
		{0ECCB1D4-C3E7-40FA-8BA7-9159E332FA98}.Debug|Any CPU.Build.0 = Debug|Any CPU
		{0ECCB1D4-C3E7-40FA-8BA7-9159E332FA98}.Release|Any CPU.ActiveCfg = Release|Any CPU
		{0ECCB1D4-C3E7-40FA-8BA7-9159E332FA98}.Release|Any CPU.Build.0 = Release|Any CPU
		{C9E25125-B95D-4EFE-A5E7-55D3603002CE}.Debug|Any CPU.ActiveCfg = Debug|Any CPU
		{C9E25125-B95D-4EFE-A5E7-55D3603002CE}.Debug|Any CPU.Build.0 = Debug|Any CPU
		{C9E25125-B95D-4EFE-A5E7-55D3603002CE}.Release|Any CPU.ActiveCfg = Release|Any CPU
		{C9E25125-B95D-4EFE-A5E7-55D3603002CE}.Release|Any CPU.Build.0 = Release|Any CPU
		{9CB1843D-0D2B-4C7B-8D42-C7F8F692C100}.Debug|Any CPU.ActiveCfg = Debug|Any CPU
		{9CB1843D-0D2B-4C7B-8D42-C7F8F692C100}.Debug|Any CPU.Build.0 = Debug|Any CPU
		{9CB1843D-0D2B-4C7B-8D42-C7F8F692C100}.Release|Any CPU.ActiveCfg = Release|Any CPU
		{9CB1843D-0D2B-4C7B-8D42-C7F8F692C100}.Release|Any CPU.Build.0 = Release|Any CPU
		{2A923763-C1DA-4E1E-A0C6-F602B2BAA989}.Debug|Any CPU.ActiveCfg = Debug|Any CPU
		{2A923763-C1DA-4E1E-A0C6-F602B2BAA989}.Debug|Any CPU.Build.0 = Debug|Any CPU
		{2A923763-C1DA-4E1E-A0C6-F602B2BAA989}.Release|Any CPU.ActiveCfg = Release|Any CPU
		{2A923763-C1DA-4E1E-A0C6-F602B2BAA989}.Release|Any CPU.Build.0 = Release|Any CPU
		{A2038E8C-4B67-4430-A631-93E25631BA45}.Debug|Any CPU.ActiveCfg = Debug|Any CPU
		{A2038E8C-4B67-4430-A631-93E25631BA45}.Debug|Any CPU.Build.0 = Debug|Any CPU
		{A2038E8C-4B67-4430-A631-93E25631BA45}.Release|Any CPU.ActiveCfg = Release|Any CPU
		{A2038E8C-4B67-4430-A631-93E25631BA45}.Release|Any CPU.Build.0 = Release|Any CPU
		{01840C0E-2319-41F2-BB49-559DCFA1D8AB}.Debug|Any CPU.ActiveCfg = Debug|Any CPU
		{01840C0E-2319-41F2-BB49-559DCFA1D8AB}.Debug|Any CPU.Build.0 = Debug|Any CPU
		{01840C0E-2319-41F2-BB49-559DCFA1D8AB}.Release|Any CPU.ActiveCfg = Release|Any CPU
		{01840C0E-2319-41F2-BB49-559DCFA1D8AB}.Release|Any CPU.Build.0 = Release|Any CPU
		{F85E371E-E750-4EF3-B6C5-3ED0BFA40F27}.Debug|Any CPU.ActiveCfg = Debug|Any CPU
		{F85E371E-E750-4EF3-B6C5-3ED0BFA40F27}.Debug|Any CPU.Build.0 = Debug|Any CPU
		{F85E371E-E750-4EF3-B6C5-3ED0BFA40F27}.Release|Any CPU.ActiveCfg = Release|Any CPU
		{F85E371E-E750-4EF3-B6C5-3ED0BFA40F27}.Release|Any CPU.Build.0 = Release|Any CPU
		{9C3B71F6-4869-4219-932F-6AF82648B01E}.Debug|Any CPU.ActiveCfg = Debug|Any CPU
		{9C3B71F6-4869-4219-932F-6AF82648B01E}.Debug|Any CPU.Build.0 = Debug|Any CPU
		{9C3B71F6-4869-4219-932F-6AF82648B01E}.Release|Any CPU.ActiveCfg = Release|Any CPU
		{9C3B71F6-4869-4219-932F-6AF82648B01E}.Release|Any CPU.Build.0 = Release|Any CPU
	EndGlobalSection
	GlobalSection(SolutionProperties) = preSolution
		HideSolutionNode = FALSE
	EndGlobalSection
	GlobalSection(ExtensibilityGlobals) = postSolution
		SolutionGuid = {58D183E1-2E6B-41EF-948D-756AAD136F1D}
	EndGlobalSection
EndGlobal
