
Microsoft Visual Studio Solution File, Format Version 12.00
# Visual Studio 15
VisualStudioVersion = 15.0.27130.2024
MinimumVisualStudioVersion = 10.0.40219.1
Project("{FAE04EC0-301F-11D3-BF4B-00C04F79EFBC}") = "BoxProgram", "BoxProgram\BoxProgram.csproj", "{6A1518EB-E6B0-42A1-B119-799E22A06FB9}"
EndProject
Project("{FAE04EC0-301F-11D3-BF4B-00C04F79EFBC}") = "ArrayCreatorProgram", "ArrayCreator\ArrayCreatorProgram.csproj", "{154FC778-E69F-4F88-B1E9-9E60BC96502C}"
EndProject
Project("{FAE04EC0-301F-11D3-BF4B-00C04F79EFBC}") = "ScaleProgram", "ScaleProgram\ScaleProgram.csproj", "{C7FDD04E-25F0-41F3-9D22-C9151619A0A1}"
EndProject
Global
	GlobalSection(SolutionConfigurationPlatforms) = preSolution
		Debug|Any CPU = Debug|Any CPU
		Release|Any CPU = Release|Any CPU
	EndGlobalSection
	GlobalSection(ProjectConfigurationPlatforms) = postSolution
		{6A1518EB-E6B0-42A1-B119-799E22A06FB9}.Debug|Any CPU.ActiveCfg = Debug|Any CPU
		{6A1518EB-E6B0-42A1-B119-799E22A06FB9}.Debug|Any CPU.Build.0 = Debug|Any CPU
		{6A1518EB-E6B0-42A1-B119-799E22A06FB9}.Release|Any CPU.ActiveCfg = Release|Any CPU
		{6A1518EB-E6B0-42A1-B119-799E22A06FB9}.Release|Any CPU.Build.0 = Release|Any CPU
		{154FC778-E69F-4F88-B1E9-9E60BC96502C}.Debug|Any CPU.ActiveCfg = Debug|Any CPU
		{154FC778-E69F-4F88-B1E9-9E60BC96502C}.Debug|Any CPU.Build.0 = Debug|Any CPU
		{154FC778-E69F-4F88-B1E9-9E60BC96502C}.Release|Any CPU.ActiveCfg = Release|Any CPU
		{154FC778-E69F-4F88-B1E9-9E60BC96502C}.Release|Any CPU.Build.0 = Release|Any CPU
		{C7FDD04E-25F0-41F3-9D22-C9151619A0A1}.Debug|Any CPU.ActiveCfg = Debug|Any CPU
		{C7FDD04E-25F0-41F3-9D22-C9151619A0A1}.Debug|Any CPU.Build.0 = Debug|Any CPU
		{C7FDD04E-25F0-41F3-9D22-C9151619A0A1}.Release|Any CPU.ActiveCfg = Release|Any CPU
		{C7FDD04E-25F0-41F3-9D22-C9151619A0A1}.Release|Any CPU.Build.0 = Release|Any CPU
	EndGlobalSection
	GlobalSection(SolutionProperties) = preSolution
		HideSolutionNode = FALSE
	EndGlobalSection
	GlobalSection(ExtensibilityGlobals) = postSolution
		SolutionGuid = {ACF3AAB7-10B1-4F68-ABDE-903172D31742}
	EndGlobalSection
EndGlobal
