
Microsoft Visual Studio Solution File, Format Version 12.00
# Visual Studio 15
VisualStudioVersion = 15.0.27130.2024
MinimumVisualStudioVersion = 10.0.40219.1
Project("{FAE04EC0-301F-11D3-BF4B-00C04F79EFBC}") = "CubicAltirelly", "CubicAltirelly\CubicAltirelly.csproj", "{DF045D09-25EB-4970-8754-A1524A1D26DA}"
EndProject
Project("{FAE04EC0-301F-11D3-BF4B-00C04F79EFBC}") = "CubicsRube", "CubicsRube\CubicsRube.csproj", "{B9BE822B-E728-4671-A4F3-9812A7C9A119}"
EndProject
Project("{FAE04EC0-301F-11D3-BF4B-00C04F79EFBC}") = "CubicMessages", "CubicMessages\CubicMessages.csproj", "{C15AE5E3-4B34-4DCC-A795-28B1BDE32520}"
EndProject
Project("{FAE04EC0-301F-11D3-BF4B-00C04F79EFBC}") = "CubicAssault", "CubicAssault\CubicAssault.csproj", "{88C2A1EB-FC0E-40D3-B95F-0E0471ED5125}"
EndProject
Global
	GlobalSection(SolutionConfigurationPlatforms) = preSolution
		Debug|Any CPU = Debug|Any CPU
		Release|Any CPU = Release|Any CPU
	EndGlobalSection
	GlobalSection(ProjectConfigurationPlatforms) = postSolution
		{DF045D09-25EB-4970-8754-A1524A1D26DA}.Debug|Any CPU.ActiveCfg = Debug|Any CPU
		{DF045D09-25EB-4970-8754-A1524A1D26DA}.Debug|Any CPU.Build.0 = Debug|Any CPU
		{DF045D09-25EB-4970-8754-A1524A1D26DA}.Release|Any CPU.ActiveCfg = Release|Any CPU
		{DF045D09-25EB-4970-8754-A1524A1D26DA}.Release|Any CPU.Build.0 = Release|Any CPU
		{B9BE822B-E728-4671-A4F3-9812A7C9A119}.Debug|Any CPU.ActiveCfg = Debug|Any CPU
		{B9BE822B-E728-4671-A4F3-9812A7C9A119}.Debug|Any CPU.Build.0 = Debug|Any CPU
		{B9BE822B-E728-4671-A4F3-9812A7C9A119}.Release|Any CPU.ActiveCfg = Release|Any CPU
		{B9BE822B-E728-4671-A4F3-9812A7C9A119}.Release|Any CPU.Build.0 = Release|Any CPU
		{C15AE5E3-4B34-4DCC-A795-28B1BDE32520}.Debug|Any CPU.ActiveCfg = Debug|Any CPU
		{C15AE5E3-4B34-4DCC-A795-28B1BDE32520}.Debug|Any CPU.Build.0 = Debug|Any CPU
		{C15AE5E3-4B34-4DCC-A795-28B1BDE32520}.Release|Any CPU.ActiveCfg = Release|Any CPU
		{C15AE5E3-4B34-4DCC-A795-28B1BDE32520}.Release|Any CPU.Build.0 = Release|Any CPU
		{88C2A1EB-FC0E-40D3-B95F-0E0471ED5125}.Debug|Any CPU.ActiveCfg = Debug|Any CPU
		{88C2A1EB-FC0E-40D3-B95F-0E0471ED5125}.Debug|Any CPU.Build.0 = Debug|Any CPU
		{88C2A1EB-FC0E-40D3-B95F-0E0471ED5125}.Release|Any CPU.ActiveCfg = Release|Any CPU
		{88C2A1EB-FC0E-40D3-B95F-0E0471ED5125}.Release|Any CPU.Build.0 = Release|Any CPU
	EndGlobalSection
	GlobalSection(SolutionProperties) = preSolution
		HideSolutionNode = FALSE
	EndGlobalSection
	GlobalSection(ExtensibilityGlobals) = postSolution
		SolutionGuid = {20E3ACF6-7536-4046-AA5D-4DCF03A1B539}
	EndGlobalSection
EndGlobal
