
Microsoft Visual Studio Solution File, Format Version 12.00
# Visual Studio 15
VisualStudioVersion = 15.0.28010.2026
MinimumVisualStudioVersion = 10.0.40219.1
Project("{FAE04EC0-301F-11D3-BF4B-00C04F79EFBC}") = "01EvenNumbersThread", "01EvenNumbersThread\01EvenNumbersThread.csproj", "{78F28433-D8FC-4C4C-BD3B-C8BC9E65AFBA}"
EndProject
Project("{FAE04EC0-301F-11D3-BF4B-00C04F79EFBC}") = "02SliceFile", "02SliceFile\02SliceFile.csproj", "{69ABA4EC-E80F-4C8B-A11D-7D7C34FCD352}"
EndProject
Project("{FAE04EC0-301F-11D3-BF4B-00C04F79EFBC}") = "03SimpleWebServer", "03SimpleWebServer\03SimpleWebServer.csproj", "{A09B7379-27C1-42FE-A015-1C476121DB29}"
EndProject
Global
	GlobalSection(SolutionConfigurationPlatforms) = preSolution
		Debug|Any CPU = Debug|Any CPU
		Release|Any CPU = Release|Any CPU
	EndGlobalSection
	GlobalSection(ProjectConfigurationPlatforms) = postSolution
		{78F28433-D8FC-4C4C-BD3B-C8BC9E65AFBA}.Debug|Any CPU.ActiveCfg = Debug|Any CPU
		{78F28433-D8FC-4C4C-BD3B-C8BC9E65AFBA}.Debug|Any CPU.Build.0 = Debug|Any CPU
		{78F28433-D8FC-4C4C-BD3B-C8BC9E65AFBA}.Release|Any CPU.ActiveCfg = Release|Any CPU
		{78F28433-D8FC-4C4C-BD3B-C8BC9E65AFBA}.Release|Any CPU.Build.0 = Release|Any CPU
		{69ABA4EC-E80F-4C8B-A11D-7D7C34FCD352}.Debug|Any CPU.ActiveCfg = Debug|Any CPU
		{69ABA4EC-E80F-4C8B-A11D-7D7C34FCD352}.Debug|Any CPU.Build.0 = Debug|Any CPU
		{69ABA4EC-E80F-4C8B-A11D-7D7C34FCD352}.Release|Any CPU.ActiveCfg = Release|Any CPU
		{69ABA4EC-E80F-4C8B-A11D-7D7C34FCD352}.Release|Any CPU.Build.0 = Release|Any CPU
		{A09B7379-27C1-42FE-A015-1C476121DB29}.Debug|Any CPU.ActiveCfg = Debug|Any CPU
		{A09B7379-27C1-42FE-A015-1C476121DB29}.Debug|Any CPU.Build.0 = Debug|Any CPU
		{A09B7379-27C1-42FE-A015-1C476121DB29}.Release|Any CPU.ActiveCfg = Release|Any CPU
		{A09B7379-27C1-42FE-A015-1C476121DB29}.Release|Any CPU.Build.0 = Release|Any CPU
	EndGlobalSection
	GlobalSection(SolutionProperties) = preSolution
		HideSolutionNode = FALSE
	EndGlobalSection
	GlobalSection(ExtensibilityGlobals) = postSolution
		SolutionGuid = {997BF0F1-CF0C-4D7E-B13E-ED69BBC3544C}
	EndGlobalSection
EndGlobal
