
Microsoft Visual Studio Solution File, Format Version 12.00
# Visual Studio 15
VisualStudioVersion = 15.0.27130.2024
MinimumVisualStudioVersion = 10.0.40219.1
Project("{FAE04EC0-301F-11D3-BF4B-00C04F79EFBC}") = "Regeh", "Regeh\Regeh.csproj", "{86B22BBD-D595-498B-A761-58F52F8FF5ED}"
EndProject
Project("{FAE04EC0-301F-11D3-BF4B-00C04F79EFBC}") = "KnightGame", "KnightGame\KnightGame.csproj", "{2BAC475E-3623-49DD-AD76-01FE7E05C0EE}"
EndProject
Project("{FAE04EC0-301F-11D3-BF4B-00C04F79EFBC}") = "NumberWars", "NumberWars\NumberWars.csproj", "{CFF23B53-656E-4732-B7F1-F77ACEFECC13}"
EndProject
Project("{FAE04EC0-301F-11D3-BF4B-00C04F79EFBC}") = "Hospital", "Hospital\Hospital.csproj", "{4ABB790C-667E-4F08-A3E3-9A28BA7DF6D0}"
EndProject
Global
	GlobalSection(SolutionConfigurationPlatforms) = preSolution
		Debug|Any CPU = Debug|Any CPU
		Release|Any CPU = Release|Any CPU
	EndGlobalSection
	GlobalSection(ProjectConfigurationPlatforms) = postSolution
		{86B22BBD-D595-498B-A761-58F52F8FF5ED}.Debug|Any CPU.ActiveCfg = Debug|Any CPU
		{86B22BBD-D595-498B-A761-58F52F8FF5ED}.Debug|Any CPU.Build.0 = Debug|Any CPU
		{86B22BBD-D595-498B-A761-58F52F8FF5ED}.Release|Any CPU.ActiveCfg = Release|Any CPU
		{86B22BBD-D595-498B-A761-58F52F8FF5ED}.Release|Any CPU.Build.0 = Release|Any CPU
		{2BAC475E-3623-49DD-AD76-01FE7E05C0EE}.Debug|Any CPU.ActiveCfg = Debug|Any CPU
		{2BAC475E-3623-49DD-AD76-01FE7E05C0EE}.Debug|Any CPU.Build.0 = Debug|Any CPU
		{2BAC475E-3623-49DD-AD76-01FE7E05C0EE}.Release|Any CPU.ActiveCfg = Release|Any CPU
		{2BAC475E-3623-49DD-AD76-01FE7E05C0EE}.Release|Any CPU.Build.0 = Release|Any CPU
		{CFF23B53-656E-4732-B7F1-F77ACEFECC13}.Debug|Any CPU.ActiveCfg = Debug|Any CPU
		{CFF23B53-656E-4732-B7F1-F77ACEFECC13}.Debug|Any CPU.Build.0 = Debug|Any CPU
		{CFF23B53-656E-4732-B7F1-F77ACEFECC13}.Release|Any CPU.ActiveCfg = Release|Any CPU
		{CFF23B53-656E-4732-B7F1-F77ACEFECC13}.Release|Any CPU.Build.0 = Release|Any CPU
		{4ABB790C-667E-4F08-A3E3-9A28BA7DF6D0}.Debug|Any CPU.ActiveCfg = Debug|Any CPU
		{4ABB790C-667E-4F08-A3E3-9A28BA7DF6D0}.Debug|Any CPU.Build.0 = Debug|Any CPU
		{4ABB790C-667E-4F08-A3E3-9A28BA7DF6D0}.Release|Any CPU.ActiveCfg = Release|Any CPU
		{4ABB790C-667E-4F08-A3E3-9A28BA7DF6D0}.Release|Any CPU.Build.0 = Release|Any CPU
	EndGlobalSection
	GlobalSection(SolutionProperties) = preSolution
		HideSolutionNode = FALSE
	EndGlobalSection
	GlobalSection(ExtensibilityGlobals) = postSolution
		SolutionGuid = {47D5496E-E47F-409E-9394-2008C5C153E3}
	EndGlobalSection
EndGlobal
