
Microsoft Visual Studio Solution File, Format Version 12.00
# Visual Studio 15
VisualStudioVersion = 15.0.27130.2024
MinimumVisualStudioVersion = 10.0.40219.1
Project("{FAE04EC0-301F-11D3-BF4B-00C04F79EFBC}") = "01MathOperations", "01MathOperations\01MathOperations.csproj", "{9EF44375-F0FF-4C66-BC1A-08A05350A2DF}"
EndProject
Project("{FAE04EC0-301F-11D3-BF4B-00C04F79EFBC}") = "02Animals", "02Animals\02Animals.csproj", "{9655085D-536B-48C8-8E20-2F5A4CF61A81}"
EndProject
Project("{FAE04EC0-301F-11D3-BF4B-00C04F79EFBC}") = "03Shapes", "03Shapes\03Shapes.csproj", "{8744B3C5-A854-4F2E-93CF-B5E01FABB494}"
EndProject
Global
	GlobalSection(SolutionConfigurationPlatforms) = preSolution
		Debug|Any CPU = Debug|Any CPU
		Release|Any CPU = Release|Any CPU
	EndGlobalSection
	GlobalSection(ProjectConfigurationPlatforms) = postSolution
		{9EF44375-F0FF-4C66-BC1A-08A05350A2DF}.Debug|Any CPU.ActiveCfg = Debug|Any CPU
		{9EF44375-F0FF-4C66-BC1A-08A05350A2DF}.Debug|Any CPU.Build.0 = Debug|Any CPU
		{9EF44375-F0FF-4C66-BC1A-08A05350A2DF}.Release|Any CPU.ActiveCfg = Release|Any CPU
		{9EF44375-F0FF-4C66-BC1A-08A05350A2DF}.Release|Any CPU.Build.0 = Release|Any CPU
		{9655085D-536B-48C8-8E20-2F5A4CF61A81}.Debug|Any CPU.ActiveCfg = Debug|Any CPU
		{9655085D-536B-48C8-8E20-2F5A4CF61A81}.Debug|Any CPU.Build.0 = Debug|Any CPU
		{9655085D-536B-48C8-8E20-2F5A4CF61A81}.Release|Any CPU.ActiveCfg = Release|Any CPU
		{9655085D-536B-48C8-8E20-2F5A4CF61A81}.Release|Any CPU.Build.0 = Release|Any CPU
		{8744B3C5-A854-4F2E-93CF-B5E01FABB494}.Debug|Any CPU.ActiveCfg = Debug|Any CPU
		{8744B3C5-A854-4F2E-93CF-B5E01FABB494}.Debug|Any CPU.Build.0 = Debug|Any CPU
		{8744B3C5-A854-4F2E-93CF-B5E01FABB494}.Release|Any CPU.ActiveCfg = Release|Any CPU
		{8744B3C5-A854-4F2E-93CF-B5E01FABB494}.Release|Any CPU.Build.0 = Release|Any CPU
	EndGlobalSection
	GlobalSection(SolutionProperties) = preSolution
		HideSolutionNode = FALSE
	EndGlobalSection
	GlobalSection(ExtensibilityGlobals) = postSolution
		SolutionGuid = {F62CD4AD-44B2-4AE5-9E57-D2D3CE9F5E2C}
	EndGlobalSection
EndGlobal
