
Microsoft Visual Studio Solution File, Format Version 12.00
# Visual Studio 15
VisualStudioVersion = 15.0.27130.0
MinimumVisualStudioVersion = 10.0.40219.1
Project("{FAE04EC0-301F-11D3-BF4B-00C04F79EFBC}") = "CharityMarathon", "Exam23Oct\CharityMarathon.csproj", "{AAC228AD-4CCB-43F9-A2C4-294D130FC0D2}"
EndProject
Project("{FAE04EC0-301F-11D3-BF4B-00C04F79EFBC}") = "Ladybugs", "Ladybugs\Ladybugs.csproj", "{20E03CD9-6AA0-42D4-AE7E-415A008866A9}"
EndProject
Project("{FAE04EC0-301F-11D3-BF4B-00C04F79EFBC}") = "NetherRealms", "NetherRealms\NetherRealms.csproj", "{C96FE02A-97DC-4438-8CFC-4596B33761B2}"
EndProject
Project("{FAE04EC0-301F-11D3-BF4B-00C04F79EFBC}") = "RoliTheCoder", "RoliTheCoder\RoliTheCoder.csproj", "{13EF9832-519F-49EF-AE91-8F641EA7AC84}"
EndProject
Global
	GlobalSection(SolutionConfigurationPlatforms) = preSolution
		Debug|Any CPU = Debug|Any CPU
		Release|Any CPU = Release|Any CPU
	EndGlobalSection
	GlobalSection(ProjectConfigurationPlatforms) = postSolution
		{AAC228AD-4CCB-43F9-A2C4-294D130FC0D2}.Debug|Any CPU.ActiveCfg = Debug|Any CPU
		{AAC228AD-4CCB-43F9-A2C4-294D130FC0D2}.Debug|Any CPU.Build.0 = Debug|Any CPU
		{AAC228AD-4CCB-43F9-A2C4-294D130FC0D2}.Release|Any CPU.ActiveCfg = Release|Any CPU
		{AAC228AD-4CCB-43F9-A2C4-294D130FC0D2}.Release|Any CPU.Build.0 = Release|Any CPU
		{20E03CD9-6AA0-42D4-AE7E-415A008866A9}.Debug|Any CPU.ActiveCfg = Debug|Any CPU
		{20E03CD9-6AA0-42D4-AE7E-415A008866A9}.Debug|Any CPU.Build.0 = Debug|Any CPU
		{20E03CD9-6AA0-42D4-AE7E-415A008866A9}.Release|Any CPU.ActiveCfg = Release|Any CPU
		{20E03CD9-6AA0-42D4-AE7E-415A008866A9}.Release|Any CPU.Build.0 = Release|Any CPU
		{C96FE02A-97DC-4438-8CFC-4596B33761B2}.Debug|Any CPU.ActiveCfg = Debug|Any CPU
		{C96FE02A-97DC-4438-8CFC-4596B33761B2}.Debug|Any CPU.Build.0 = Debug|Any CPU
		{C96FE02A-97DC-4438-8CFC-4596B33761B2}.Release|Any CPU.ActiveCfg = Release|Any CPU
		{C96FE02A-97DC-4438-8CFC-4596B33761B2}.Release|Any CPU.Build.0 = Release|Any CPU
		{13EF9832-519F-49EF-AE91-8F641EA7AC84}.Debug|Any CPU.ActiveCfg = Debug|Any CPU
		{13EF9832-519F-49EF-AE91-8F641EA7AC84}.Debug|Any CPU.Build.0 = Debug|Any CPU
		{13EF9832-519F-49EF-AE91-8F641EA7AC84}.Release|Any CPU.ActiveCfg = Release|Any CPU
		{13EF9832-519F-49EF-AE91-8F641EA7AC84}.Release|Any CPU.Build.0 = Release|Any CPU
	EndGlobalSection
	GlobalSection(SolutionProperties) = preSolution
		HideSolutionNode = FALSE
	EndGlobalSection
	GlobalSection(ExtensibilityGlobals) = postSolution
		SolutionGuid = {D67347F7-6310-43FE-B7C1-D82419AE6717}
	EndGlobalSection
EndGlobal
