
Microsoft Visual Studio Solution File, Format Version 12.00
# Visual Studio 15
VisualStudioVersion = 15.0.27130.2024
MinimumVisualStudioVersion = 10.0.40219.1
Project("{FAE04EC0-301F-11D3-BF4B-00C04F79EFBC}") = "01Vehicles", "01Vehicles\01Vehicles.csproj", "{69EAC815-D502-484D-8388-37A5BB1FA983}"
EndProject
Project("{FAE04EC0-301F-11D3-BF4B-00C04F79EFBC}") = "03WildFarm", "03WildFarm\03WildFarm.csproj", "{EBA669DF-B01B-42A2-8576-2781F3139842}"
EndProject
Global
	GlobalSection(SolutionConfigurationPlatforms) = preSolution
		Debug|Any CPU = Debug|Any CPU
		Release|Any CPU = Release|Any CPU
	EndGlobalSection
	GlobalSection(ProjectConfigurationPlatforms) = postSolution
		{69EAC815-D502-484D-8388-37A5BB1FA983}.Debug|Any CPU.ActiveCfg = Debug|Any CPU
		{69EAC815-D502-484D-8388-37A5BB1FA983}.Debug|Any CPU.Build.0 = Debug|Any CPU
		{69EAC815-D502-484D-8388-37A5BB1FA983}.Release|Any CPU.ActiveCfg = Release|Any CPU
		{69EAC815-D502-484D-8388-37A5BB1FA983}.Release|Any CPU.Build.0 = Release|Any CPU
		{EBA669DF-B01B-42A2-8576-2781F3139842}.Debug|Any CPU.ActiveCfg = Debug|Any CPU
		{EBA669DF-B01B-42A2-8576-2781F3139842}.Debug|Any CPU.Build.0 = Debug|Any CPU
		{EBA669DF-B01B-42A2-8576-2781F3139842}.Release|Any CPU.ActiveCfg = Release|Any CPU
		{EBA669DF-B01B-42A2-8576-2781F3139842}.Release|Any CPU.Build.0 = Release|Any CPU
	EndGlobalSection
	GlobalSection(SolutionProperties) = preSolution
		HideSolutionNode = FALSE
	EndGlobalSection
	GlobalSection(ExtensibilityGlobals) = postSolution
		SolutionGuid = {D7B6B63E-708A-4157-B6AF-D64078571FD4}
	EndGlobalSection
EndGlobal
